
Microsoft Visual Studio Solution File, Format Version 12.00
# Visual Studio Version 16
Project("{8BC9CEB8-8B4A-11D0-8D11-00A0C91BC942}") = "ALL_BUILD", "ALL_BUILD.vcxproj", "{F23BB832-E909-31A2-8371-BC9966A90982}"
	ProjectSection(ProjectDependencies) = postProject
		{B953AC12-BE79-3601-9F6F-4037B5165A9B} = {B953AC12-BE79-3601-9F6F-4037B5165A9B}
		{42885167-C90D-3F26-886A-647215D1163B} = {42885167-C90D-3F26-886A-647215D1163B}
		{C3FE8086-B935-3CA0-8204-20678A17B395} = {C3FE8086-B935-3CA0-8204-20678A17B395}
		{3A66A6C2-2657-348B-8E86-A2F03C583C4A} = {3A66A6C2-2657-348B-8E86-A2F03C583C4A}
		{5D0480C0-98F2-3722-9FE8-A096B970AC29} = {5D0480C0-98F2-3722-9FE8-A096B970AC29}
		{78BBD833-E792-3E7F-A701-D41C4D8B7498} = {78BBD833-E792-3E7F-A701-D41C4D8B7498}
		{B427DD31-8BE6-3DDB-AEF7-C66FFA66BE36} = {B427DD31-8BE6-3DDB-AEF7-C66FFA66BE36}
	EndProjectSection
EndProject
Project("{8BC9CEB8-8B4A-11D0-8D11-00A0C91BC942}") = "INSTALL", "INSTALL.vcxproj", "{DB0FD02C-6D29-3A5D-B7D7-A9CCFFE50058}"
	ProjectSection(ProjectDependencies) = postProject
		{F23BB832-E909-31A2-8371-BC9966A90982} = {F23BB832-E909-31A2-8371-BC9966A90982}
		{42885167-C90D-3F26-886A-647215D1163B} = {42885167-C90D-3F26-886A-647215D1163B}
	EndProjectSection
EndProject
Project("{8BC9CEB8-8B4A-11D0-8D11-00A0C91BC942}") = "IrrXML", "contrib\irrXML\IrrXML.vcxproj", "{B953AC12-BE79-3601-9F6F-4037B5165A9B}"
	ProjectSection(ProjectDependencies) = postProject
		{42885167-C90D-3F26-886A-647215D1163B} = {42885167-C90D-3F26-886A-647215D1163B}
	EndProjectSection
EndProject
Project("{8BC9CEB8-8B4A-11D0-8D11-00A0C91BC942}") = "UpdateAssimpLibsDebugSymbolsAndDLLs", "UpdateAssimpLibsDebugSymbolsAndDLLs.vcxproj", "{52943688-EF38-3869-9904-C1FF4EF43F1E}"
	ProjectSection(ProjectDependencies) = postProject
		{42885167-C90D-3F26-886A-647215D1163B} = {42885167-C90D-3F26-886A-647215D1163B}
	EndProjectSection
EndProject
Project("{8BC9CEB8-8B4A-11D0-8D11-00A0C91BC942}") = "ZERO_CHECK", "ZERO_CHECK.vcxproj", "{42885167-C90D-3F26-886A-647215D1163B}"
	ProjectSection(ProjectDependencies) = postProject
	EndProjectSection
EndProject
Project("{8BC9CEB8-8B4A-11D0-8D11-00A0C91BC942}") = "assimp", "code\assimp.vcxproj", "{C3FE8086-B935-3CA0-8204-20678A17B395}"
	ProjectSection(ProjectDependencies) = postProject
		{B953AC12-BE79-3601-9F6F-4037B5165A9B} = {B953AC12-BE79-3601-9F6F-4037B5165A9B}
		{42885167-C90D-3F26-886A-647215D1163B} = {42885167-C90D-3F26-886A-647215D1163B}
		{B427DD31-8BE6-3DDB-AEF7-C66FFA66BE36} = {B427DD31-8BE6-3DDB-AEF7-C66FFA66BE36}
	EndProjectSection
EndProject
Project("{8BC9CEB8-8B4A-11D0-8D11-00A0C91BC942}") = "assimp_cmd", "tools\assimp_cmd\assimp_cmd.vcxproj", "{3A66A6C2-2657-348B-8E86-A2F03C583C4A}"
	ProjectSection(ProjectDependencies) = postProject
		{B953AC12-BE79-3601-9F6F-4037B5165A9B} = {B953AC12-BE79-3601-9F6F-4037B5165A9B}
		{42885167-C90D-3F26-886A-647215D1163B} = {42885167-C90D-3F26-886A-647215D1163B}
		{C3FE8086-B935-3CA0-8204-20678A17B395} = {C3FE8086-B935-3CA0-8204-20678A17B395}
		{B427DD31-8BE6-3DDB-AEF7-C66FFA66BE36} = {B427DD31-8BE6-3DDB-AEF7-C66FFA66BE36}
	EndProjectSection
EndProject
Project("{8BC9CEB8-8B4A-11D0-8D11-00A0C91BC942}") = "uninstall", "uninstall.vcxproj", "{888B37E5-7CB7-329B-B12E-556FB039203F}"
	ProjectSection(ProjectDependencies) = postProject
		{42885167-C90D-3F26-886A-647215D1163B} = {42885167-C90D-3F26-886A-647215D1163B}
	EndProjectSection
EndProject
Project("{8BC9CEB8-8B4A-11D0-8D11-00A0C91BC942}") = "unit", "test\unit.vcxproj", "{5D0480C0-98F2-3722-9FE8-A096B970AC29}"
	ProjectSection(ProjectDependencies) = postProject
		{B953AC12-BE79-3601-9F6F-4037B5165A9B} = {B953AC12-BE79-3601-9F6F-4037B5165A9B}
		{42885167-C90D-3F26-886A-647215D1163B} = {42885167-C90D-3F26-886A-647215D1163B}
		{C3FE8086-B935-3CA0-8204-20678A17B395} = {C3FE8086-B935-3CA0-8204-20678A17B395}
		{B427DD31-8BE6-3DDB-AEF7-C66FFA66BE36} = {B427DD31-8BE6-3DDB-AEF7-C66FFA66BE36}
	EndProjectSection
EndProject
Project("{8BC9CEB8-8B4A-11D0-8D11-00A0C91BC942}") = "zlib", "contrib\zlib\zlib.vcxproj", "{78BBD833-E792-3E7F-A701-D41C4D8B7498}"
	ProjectSection(ProjectDependencies) = postProject
		{42885167-C90D-3F26-886A-647215D1163B} = {42885167-C90D-3F26-886A-647215D1163B}
	EndProjectSection
EndProject
Project("{8BC9CEB8-8B4A-11D0-8D11-00A0C91BC942}") = "zlibstatic", "contrib\zlib\zlibstatic.vcxproj", "{B427DD31-8BE6-3DDB-AEF7-C66FFA66BE36}"
	ProjectSection(ProjectDependencies) = postProject
		{42885167-C90D-3F26-886A-647215D1163B} = {42885167-C90D-3F26-886A-647215D1163B}
	EndProjectSection
EndProject
Global
	GlobalSection(SolutionConfigurationPlatforms) = preSolution
		Debug|x64 = Debug|x64
		Release|x64 = Release|x64
		MinSizeRel|x64 = MinSizeRel|x64
		RelWithDebInfo|x64 = RelWithDebInfo|x64
	EndGlobalSection
	GlobalSection(ProjectConfigurationPlatforms) = postSolution
		{F23BB832-E909-31A2-8371-BC9966A90982}.Debug|x64.ActiveCfg = Debug|x64
		{F23BB832-E909-31A2-8371-BC9966A90982}.Debug|x64.Build.0 = Debug|x64
		{F23BB832-E909-31A2-8371-BC9966A90982}.Release|x64.ActiveCfg = Release|x64
		{F23BB832-E909-31A2-8371-BC9966A90982}.Release|x64.Build.0 = Release|x64
		{F23BB832-E909-31A2-8371-BC9966A90982}.MinSizeRel|x64.ActiveCfg = MinSizeRel|x64
		{F23BB832-E909-31A2-8371-BC9966A90982}.MinSizeRel|x64.Build.0 = MinSizeRel|x64
		{F23BB832-E909-31A2-8371-BC9966A90982}.RelWithDebInfo|x64.ActiveCfg = RelWithDebInfo|x64
		{F23BB832-E909-31A2-8371-BC9966A90982}.RelWithDebInfo|x64.Build.0 = RelWithDebInfo|x64
		{DB0FD02C-6D29-3A5D-B7D7-A9CCFFE50058}.Debug|x64.ActiveCfg = Debug|x64
		{DB0FD02C-6D29-3A5D-B7D7-A9CCFFE50058}.Release|x64.ActiveCfg = Release|x64
		{DB0FD02C-6D29-3A5D-B7D7-A9CCFFE50058}.MinSizeRel|x64.ActiveCfg = MinSizeRel|x64
		{DB0FD02C-6D29-3A5D-B7D7-A9CCFFE50058}.RelWithDebInfo|x64.ActiveCfg = RelWithDebInfo|x64
		{B953AC12-BE79-3601-9F6F-4037B5165A9B}.Debug|x64.ActiveCfg = Debug|x64
		{B953AC12-BE79-3601-9F6F-4037B5165A9B}.Debug|x64.Build.0 = Debug|x64
		{B953AC12-BE79-3601-9F6F-4037B5165A9B}.Release|x64.ActiveCfg = Release|x64
		{B953AC12-BE79-3601-9F6F-4037B5165A9B}.Release|x64.Build.0 = Release|x64
		{B953AC12-BE79-3601-9F6F-4037B5165A9B}.MinSizeRel|x64.ActiveCfg = MinSizeRel|x64
		{B953AC12-BE79-3601-9F6F-4037B5165A9B}.MinSizeRel|x64.Build.0 = MinSizeRel|x64
		{B953AC12-BE79-3601-9F6F-4037B5165A9B}.RelWithDebInfo|x64.ActiveCfg = RelWithDebInfo|x64
		{B953AC12-BE79-3601-9F6F-4037B5165A9B}.RelWithDebInfo|x64.Build.0 = RelWithDebInfo|x64
		{52943688-EF38-3869-9904-C1FF4EF43F1E}.Debug|x64.ActiveCfg = Debug|x64
		{52943688-EF38-3869-9904-C1FF4EF43F1E}.Release|x64.ActiveCfg = Release|x64
		{52943688-EF38-3869-9904-C1FF4EF43F1E}.MinSizeRel|x64.ActiveCfg = MinSizeRel|x64
		{52943688-EF38-3869-9904-C1FF4EF43F1E}.RelWithDebInfo|x64.ActiveCfg = RelWithDebInfo|x64
		{42885167-C90D-3F26-886A-647215D1163B}.Debug|x64.ActiveCfg = Debug|x64
		{42885167-C90D-3F26-886A-647215D1163B}.Debug|x64.Build.0 = Debug|x64
		{42885167-C90D-3F26-886A-647215D1163B}.Release|x64.ActiveCfg = Release|x64
		{42885167-C90D-3F26-886A-647215D1163B}.Release|x64.Build.0 = Release|x64
		{42885167-C90D-3F26-886A-647215D1163B}.MinSizeRel|x64.ActiveCfg = MinSizeRel|x64
		{42885167-C90D-3F26-886A-647215D1163B}.MinSizeRel|x64.Build.0 = MinSizeRel|x64
		{42885167-C90D-3F26-886A-647215D1163B}.RelWithDebInfo|x64.ActiveCfg = RelWithDebInfo|x64
		{42885167-C90D-3F26-886A-647215D1163B}.RelWithDebInfo|x64.Build.0 = RelWithDebInfo|x64
		{C3FE8086-B935-3CA0-8204-20678A17B395}.Debug|x64.ActiveCfg = Debug|x64
		{C3FE8086-B935-3CA0-8204-20678A17B395}.Debug|x64.Build.0 = Debug|x64
		{C3FE8086-B935-3CA0-8204-20678A17B395}.Release|x64.ActiveCfg = Release|x64
		{C3FE8086-B935-3CA0-8204-20678A17B395}.Release|x64.Build.0 = Release|x64
		{C3FE8086-B935-3CA0-8204-20678A17B395}.MinSizeRel|x64.ActiveCfg = MinSizeRel|x64
		{C3FE8086-B935-3CA0-8204-20678A17B395}.MinSizeRel|x64.Build.0 = MinSizeRel|x64
		{C3FE8086-B935-3CA0-8204-20678A17B395}.RelWithDebInfo|x64.ActiveCfg = RelWithDebInfo|x64
		{C3FE8086-B935-3CA0-8204-20678A17B395}.RelWithDebInfo|x64.Build.0 = RelWithDebInfo|x64
		{3A66A6C2-2657-348B-8E86-A2F03C583C4A}.Debug|x64.ActiveCfg = Debug|x64
		{3A66A6C2-2657-348B-8E86-A2F03C583C4A}.Debug|x64.Build.0 = Debug|x64
		{3A66A6C2-2657-348B-8E86-A2F03C583C4A}.Release|x64.ActiveCfg = Release|x64
		{3A66A6C2-2657-348B-8E86-A2F03C583C4A}.Release|x64.Build.0 = Release|x64
		{3A66A6C2-2657-348B-8E86-A2F03C583C4A}.MinSizeRel|x64.ActiveCfg = MinSizeRel|x64
		{3A66A6C2-2657-348B-8E86-A2F03C583C4A}.MinSizeRel|x64.Build.0 = MinSizeRel|x64
		{3A66A6C2-2657-348B-8E86-A2F03C583C4A}.RelWithDebInfo|x64.ActiveCfg = RelWithDebInfo|x64
		{3A66A6C2-2657-348B-8E86-A2F03C583C4A}.RelWithDebInfo|x64.Build.0 = RelWithDebInfo|x64
		{888B37E5-7CB7-329B-B12E-556FB039203F}.Debug|x64.ActiveCfg = Debug|x64
		{888B37E5-7CB7-329B-B12E-556FB039203F}.Release|x64.ActiveCfg = Release|x64
		{888B37E5-7CB7-329B-B12E-556FB039203F}.MinSizeRel|x64.ActiveCfg = MinSizeRel|x64
		{888B37E5-7CB7-329B-B12E-556FB039203F}.RelWithDebInfo|x64.ActiveCfg = RelWithDebInfo|x64
		{5D0480C0-98F2-3722-9FE8-A096B970AC29}.Debug|x64.ActiveCfg = Debug|x64
		{5D0480C0-98F2-3722-9FE8-A096B970AC29}.Debug|x64.Build.0 = Debug|x64
		{5D0480C0-98F2-3722-9FE8-A096B970AC29}.Release|x64.ActiveCfg = Release|x64
		{5D0480C0-98F2-3722-9FE8-A096B970AC29}.Release|x64.Build.0 = Release|x64
		{5D0480C0-98F2-3722-9FE8-A096B970AC29}.MinSizeRel|x64.ActiveCfg = MinSizeRel|x64
		{5D0480C0-98F2-3722-9FE8-A096B970AC29}.MinSizeRel|x64.Build.0 = MinSizeRel|x64
		{5D0480C0-98F2-3722-9FE8-A096B970AC29}.RelWithDebInfo|x64.ActiveCfg = RelWithDebInfo|x64
		{5D0480C0-98F2-3722-9FE8-A096B970AC29}.RelWithDebInfo|x64.Build.0 = RelWithDebInfo|x64
		{78BBD833-E792-3E7F-A701-D41C4D8B7498}.Debug|x64.ActiveCfg = Debug|x64
		{78BBD833-E792-3E7F-A701-D41C4D8B7498}.Debug|x64.Build.0 = Debug|x64
		{78BBD833-E792-3E7F-A701-D41C4D8B7498}.Release|x64.ActiveCfg = Release|x64
		{78BBD833-E792-3E7F-A701-D41C4D8B7498}.Release|x64.Build.0 = Release|x64
		{78BBD833-E792-3E7F-A701-D41C4D8B7498}.MinSizeRel|x64.ActiveCfg = MinSizeRel|x64
		{78BBD833-E792-3E7F-A701-D41C4D8B7498}.MinSizeRel|x64.Build.0 = MinSizeRel|x64
		{78BBD833-E792-3E7F-A701-D41C4D8B7498}.RelWithDebInfo|x64.ActiveCfg = RelWithDebInfo|x64
		{78BBD833-E792-3E7F-A701-D41C4D8B7498}.RelWithDebInfo|x64.Build.0 = RelWithDebInfo|x64
		{B427DD31-8BE6-3DDB-AEF7-C66FFA66BE36}.Debug|x64.ActiveCfg = Debug|x64
		{B427DD31-8BE6-3DDB-AEF7-C66FFA66BE36}.Debug|x64.Build.0 = Debug|x64
		{B427DD31-8BE6-3DDB-AEF7-C66FFA66BE36}.Release|x64.ActiveCfg = Release|x64
		{B427DD31-8BE6-3DDB-AEF7-C66FFA66BE36}.Release|x64.Build.0 = Release|x64
		{B427DD31-8BE6-3DDB-AEF7-C66FFA66BE36}.MinSizeRel|x64.ActiveCfg = MinSizeRel|x64
		{B427DD31-8BE6-3DDB-AEF7-C66FFA66BE36}.MinSizeRel|x64.Build.0 = MinSizeRel|x64
		{B427DD31-8BE6-3DDB-AEF7-C66FFA66BE36}.RelWithDebInfo|x64.ActiveCfg = RelWithDebInfo|x64
		{B427DD31-8BE6-3DDB-AEF7-C66FFA66BE36}.RelWithDebInfo|x64.Build.0 = RelWithDebInfo|x64
	EndGlobalSection
	GlobalSection(ExtensibilityGlobals) = postSolution
		SolutionGuid = {BF48E94B-6D7D-36D7-8D79-960E70437F1B}
	EndGlobalSection
	GlobalSection(ExtensibilityAddIns) = postSolution
	EndGlobalSection
EndGlobal
