<?xml version="1.0" encoding="utf-8"?>
<Project ToolsVersion="16.0" xmlns="http://schemas.microsoft.com/developer/msbuild/2003">
  <ItemGroup>
    <CustomBuild Include="D:\3D\_external\assimp\CMakeFiles\3fe6c872484da16df9fbd990d05912dc\INSTALL_force.rule">
      <Filter>CMake Rules</Filter>
    </CustomBuild>
  </ItemGroup>
  <ItemGroup>
    <Filter Include="CMake Rules">
      <UniqueIdentifier>{D9094C32-5C82-3D27-A988-B093F17E2CA7}</UniqueIdentifier>
    </Filter>
  </ItemGroup>
</Project>
